
Microsoft Visual Studio Solution File, Format Version 12.00
# Visual Studio Version 16
VisualStudioVersion = 16.0.29424.173
MinimumVisualStudioVersion = 10.0.40219.1
Project("{9092AA53-FB77-4645-B42D-1CCCA6BD08BD}") = "billboardClientBackend", "billboardClientBackend\billboardClientBackend.njsproj", "{40433F6C-4C4B-457A-8520-89C8371C1D1F}"
EndProject
Global
	GlobalSection(SolutionConfigurationPlatforms) = preSolution
		Debug|Any CPU = Debug|Any CPU
		Release|Any CPU = Release|Any CPU
	EndGlobalSection
	GlobalSection(ProjectConfigurationPlatforms) = postSolution
		{40433F6C-4C4B-457A-8520-89C8371C1D1F}.Debug|Any CPU.ActiveCfg = Debug|Any CPU
		{40433F6C-4C4B-457A-8520-89C8371C1D1F}.Debug|Any CPU.Build.0 = Debug|Any CPU
		{40433F6C-4C4B-457A-8520-89C8371C1D1F}.Release|Any CPU.ActiveCfg = Release|Any CPU
		{40433F6C-4C4B-457A-8520-89C8371C1D1F}.Release|Any CPU.Build.0 = Release|Any CPU
	EndGlobalSection
	GlobalSection(SolutionProperties) = preSolution
		HideSolutionNode = FALSE
	EndGlobalSection
	GlobalSection(ExtensibilityGlobals) = postSolution
		SolutionGuid = {46E64F9B-5F66-4041-A930-643960394924}
	EndGlobalSection
EndGlobal
