
Microsoft Visual Studio Solution File, Format Version 12.00
# Visual Studio 15
VisualStudioVersion = 15.0.28307.572
MinimumVisualStudioVersion = 10.0.40219.1
Project("{9092AA53-FB77-4645-B42D-1CCCA6BD08BD}") = "nodeJsBackend", "nodeJsBackend\nodeJsBackend.njsproj", "{211D2678-97B2-44C0-AD59-0CFCAD72D4B4}"
EndProject
Global
	GlobalSection(SolutionConfigurationPlatforms) = preSolution
		Debug|Any CPU = Debug|Any CPU
		Release|Any CPU = Release|Any CPU
	EndGlobalSection
	GlobalSection(ProjectConfigurationPlatforms) = postSolution
		{211D2678-97B2-44C0-AD59-0CFCAD72D4B4}.Debug|Any CPU.ActiveCfg = Debug|Any CPU
		{211D2678-97B2-44C0-AD59-0CFCAD72D4B4}.Debug|Any CPU.Build.0 = Debug|Any CPU
		{211D2678-97B2-44C0-AD59-0CFCAD72D4B4}.Release|Any CPU.ActiveCfg = Release|Any CPU
		{211D2678-97B2-44C0-AD59-0CFCAD72D4B4}.Release|Any CPU.Build.0 = Release|Any CPU
	EndGlobalSection
	GlobalSection(SolutionProperties) = preSolution
		HideSolutionNode = FALSE
	EndGlobalSection
	GlobalSection(ExtensibilityGlobals) = postSolution
		SolutionGuid = {AB2484A8-F9A0-4F70-951D-9EDE9F7A39E5}
	EndGlobalSection
EndGlobal
